
Microsoft Visual Studio Solution File, Format Version 12.00
# Visual Studio Version 17
VisualStudioVersion = 17.9.34607.119
MinimumVisualStudioVersion = 10.0.40219.1
Project("{9A19103F-16F7-4668-BE54-9A1E7A4F7556}") = "APIEcommerce", "APIEcommerce\APIEcommerce.csproj", "{2ACDE349-2BA0-4A8F-B72B-2064DE65077F}"
EndProject
Project("{FAE04EC0-301F-11D3-BF4B-00C04F79EFBC}") = "APIEcommerce.Domain", "APIEcommerce.Domain\APIEcommerce.Domain.csproj", "{D3D1DA70-F09B-4219-9A8E-DFB01808B27D}"
EndProject
Project("{FAE04EC0-301F-11D3-BF4B-00C04F79EFBC}") = "APIEcommerce.Infrastructure", "APIEcommerce.Infrastructure\APIEcommerce.Infrastructure.csproj", "{E8EA77DC-B2DF-43C8-8B83-5672F6E46EC4}"
EndProject
Global
	GlobalSection(SolutionConfigurationPlatforms) = preSolution
		Debug|Any CPU = Debug|Any CPU
		Release|Any CPU = Release|Any CPU
	EndGlobalSection
	GlobalSection(ProjectConfigurationPlatforms) = postSolution
		{2ACDE349-2BA0-4A8F-B72B-2064DE65077F}.Debug|Any CPU.ActiveCfg = Debug|Any CPU
		{2ACDE349-2BA0-4A8F-B72B-2064DE65077F}.Debug|Any CPU.Build.0 = Debug|Any CPU
		{2ACDE349-2BA0-4A8F-B72B-2064DE65077F}.Release|Any CPU.ActiveCfg = Release|Any CPU
		{2ACDE349-2BA0-4A8F-B72B-2064DE65077F}.Release|Any CPU.Build.0 = Release|Any CPU
		{D3D1DA70-F09B-4219-9A8E-DFB01808B27D}.Debug|Any CPU.ActiveCfg = Debug|Any CPU
		{D3D1DA70-F09B-4219-9A8E-DFB01808B27D}.Debug|Any CPU.Build.0 = Debug|Any CPU
		{D3D1DA70-F09B-4219-9A8E-DFB01808B27D}.Release|Any CPU.ActiveCfg = Release|Any CPU
		{D3D1DA70-F09B-4219-9A8E-DFB01808B27D}.Release|Any CPU.Build.0 = Release|Any CPU
		{E8EA77DC-B2DF-43C8-8B83-5672F6E46EC4}.Debug|Any CPU.ActiveCfg = Debug|Any CPU
		{E8EA77DC-B2DF-43C8-8B83-5672F6E46EC4}.Debug|Any CPU.Build.0 = Debug|Any CPU
		{E8EA77DC-B2DF-43C8-8B83-5672F6E46EC4}.Release|Any CPU.ActiveCfg = Release|Any CPU
		{E8EA77DC-B2DF-43C8-8B83-5672F6E46EC4}.Release|Any CPU.Build.0 = Release|Any CPU
	EndGlobalSection
	GlobalSection(SolutionProperties) = preSolution
		HideSolutionNode = FALSE
	EndGlobalSection
	GlobalSection(ExtensibilityGlobals) = postSolution
		SolutionGuid = {AA7C7857-4206-48BE-8CAD-D99699C280FD}
	EndGlobalSection
EndGlobal
